
Microsoft Visual Studio Solution File, Format Version 12.00
# Visual Studio Version 17
VisualStudioVersion = 17.8.34316.72
MinimumVisualStudioVersion = 10.0.40219.1
Project("{9A19103F-16F7-4668-BE54-9A1E7A4F7556}") = "YTC", "YTC.csproj", "{7515A902-6BBB-4C1A-AB88-5A17A1421B85}"
EndProject
Global
	GlobalSection(SolutionConfigurationPlatforms) = preSolution
		Debug|Any CPU = Debug|Any CPU
		Release|Any CPU = Release|Any CPU
	EndGlobalSection
	GlobalSection(ProjectConfigurationPlatforms) = postSolution
		{7515A902-6BBB-4C1A-AB88-5A17A1421B85}.Debug|Any CPU.ActiveCfg = Debug|Any CPU
		{7515A902-6BBB-4C1A-AB88-5A17A1421B85}.Debug|Any CPU.Build.0 = Debug|Any CPU
		{7515A902-6BBB-4C1A-AB88-5A17A1421B85}.Release|Any CPU.ActiveCfg = Release|Any CPU
		{7515A902-6BBB-4C1A-AB88-5A17A1421B85}.Release|Any CPU.Build.0 = Release|Any CPU
	EndGlobalSection
	GlobalSection(SolutionProperties) = preSolution
		HideSolutionNode = FALSE
	EndGlobalSection
	GlobalSection(ExtensibilityGlobals) = postSolution
		SolutionGuid = {3222105A-DAD8-47C2-8099-A16378284759}
	EndGlobalSection
EndGlobal
